
Microsoft Visual Studio Solution File, Format Version 12.00
# Visual Studio Version 17
VisualStudioVersion = 17.5.002.0
MinimumVisualStudioVersion = 10.0.40219.1
Project("{9A19103F-16F7-4668-BE54-9A1E7A4F7556}") = "aguasLindasImoveisApi", "aguasLindasImoveisApi.csproj", "{A7210985-D02B-4424-9270-8152B1B7A1B8}"
EndProject
Global
	GlobalSection(SolutionConfigurationPlatforms) = preSolution
		Debug|Any CPU = Debug|Any CPU
		Release|Any CPU = Release|Any CPU
	EndGlobalSection
	GlobalSection(ProjectConfigurationPlatforms) = postSolution
		{A7210985-D02B-4424-9270-8152B1B7A1B8}.Debug|Any CPU.ActiveCfg = Debug|Any CPU
		{A7210985-D02B-4424-9270-8152B1B7A1B8}.Debug|Any CPU.Build.0 = Debug|Any CPU
		{A7210985-D02B-4424-9270-8152B1B7A1B8}.Release|Any CPU.ActiveCfg = Release|Any CPU
		{A7210985-D02B-4424-9270-8152B1B7A1B8}.Release|Any CPU.Build.0 = Release|Any CPU
	EndGlobalSection
	GlobalSection(SolutionProperties) = preSolution
		HideSolutionNode = FALSE
	EndGlobalSection
	GlobalSection(ExtensibilityGlobals) = postSolution
		SolutionGuid = {2C0E1493-9DC5-4191-862B-FD3B40F0412B}
	EndGlobalSection
EndGlobal
